# This file is automatically @generated by Cargo.
# It is not intended for manual editing.
version = 4

[[package]]
name = "crash_cpu"
version = "0.1.0"

[[package]]
name = "crash_io"
version = "0.1.0"

[[package]]
name = "crash_loop"
version = "0.1.0"

[[package]]
name = "crash_mem"
version = "0.1.0"
